
Microsoft Visual Studio Solution File, Format Version 12.00
# Visual Studio Version 17
VisualStudioVersion = 17.9.34607.119
MinimumVisualStudioVersion = 10.0.40219.1
Project("{FAE04EC0-301F-11D3-BF4B-00C04F79EFBC}") = "if gra v3", "if gra v3\if gra v3.csproj", "{574FF4E3-6EAE-4C4F-A8B0-130BE2867D84}"
EndProject
Global
	GlobalSection(SolutionConfigurationPlatforms) = preSolution
		Debug|Any CPU = Debug|Any CPU
		Release|Any CPU = Release|Any CPU
	EndGlobalSection
	GlobalSection(ProjectConfigurationPlatforms) = postSolution
		{574FF4E3-6EAE-4C4F-A8B0-130BE2867D84}.Debug|Any CPU.ActiveCfg = Debug|Any CPU
		{574FF4E3-6EAE-4C4F-A8B0-130BE2867D84}.Debug|Any CPU.Build.0 = Debug|Any CPU
		{574FF4E3-6EAE-4C4F-A8B0-130BE2867D84}.Release|Any CPU.ActiveCfg = Release|Any CPU
		{574FF4E3-6EAE-4C4F-A8B0-130BE2867D84}.Release|Any CPU.Build.0 = Release|Any CPU
	EndGlobalSection
	GlobalSection(SolutionProperties) = preSolution
		HideSolutionNode = FALSE
	EndGlobalSection
	GlobalSection(ExtensibilityGlobals) = postSolution
		SolutionGuid = {9D95B50E-38AD-4267-AC5F-FC9719636DFB}
	EndGlobalSection
EndGlobal
